// !$*UTF8*$!
{
	archiveVersion = 1;
	classes = {
	};
	objectVersion = 56;
	objects = {

/* Begin PBXBuildFile section */
		032524B72A66085800B70F18 /* MenuMeterApp.swift in Sources */ = {isa = PBXBuildFile; fileRef = 032524B62A66085800B70F18 /* MenuMeterApp.swift */; };
		032524B92A66085800B70F18 /* ContentView.swift in Sources */ = {isa = PBXBuildFile; fileRef = 032524B82A66085800B70F18 /* ContentView.swift */; };
		032524BB2A66085900B70F18 /* Assets.xcassets in Resources */ = {isa = PBXBuildFile; fileRef = 032524BA2A66085900B70F18 /* Assets.xcassets */; };
		032524BE2A66085900B70F18 /* Preview Assets.xcassets in Resources */ = {isa = PBXBuildFile; fileRef = 032524BD2A66085900B70F18 /* Preview Assets.xcassets */; };
		032524CA2A660A7F00B70F18 /* SystemLoadMonitor.swift in Sources */ = {isa = PBXBuildFile; fileRef = 032524C92A660A7F00B70F18 /* SystemLoadMonitor.swift */; };
		032524CC2A660AAF00B70F18 /* SystemLoadMemory.swift in Sources */ = {isa = PBXBuildFile; fileRef = 032524CB2A660AAF00B70F18 /* SystemLoadMemory.swift */; };
		032524CE2A660ACF00B70F18 /* SystemLoadDisk.swift in Sources */ = {isa = PBXBuildFile; fileRef = 032524CD2A660ACF00B70F18 /* SystemLoadDisk.swift */; };
		032524D02A660AE900B70F18 /* SystemLoadBatery.swift in Sources */ = {isa = PBXBuildFile; fileRef = 032524CF2A660AE900B70F18 /* SystemLoadBatery.swift */; };
		032524D22A660B1400B70F18 /* StatusBarController.swift in Sources */ = {isa = PBXBuildFile; fileRef = 032524D12A660B1400B70F18 /* StatusBarController.swift */; };
		032524D42A660B3F00B70F18 /* ViewModel.swift in Sources */ = {isa = PBXBuildFile; fileRef = 032524D32A660B3F00B70F18 /* ViewModel.swift */; };
		032524D62A660BAA00B70F18 /* PreferencesView.swift in Sources */ = {isa = PBXBuildFile; fileRef = 032524D52A660BAA00B70F18 /* PreferencesView.swift */; };
		032524D82A660BCB00B70F18 /* BateryView.swift in Sources */ = {isa = PBXBuildFile; fileRef = 032524D72A660BCB00B70F18 /* BateryView.swift */; };
		032524DA2A660BE700B70F18 /* CircleView.swift in Sources */ = {isa = PBXBuildFile; fileRef = 032524D92A660BE700B70F18 /* CircleView.swift */; };
		032524DC2A660C0100B70F18 /* CircleViewCpu.swift in Sources */ = {isa = PBXBuildFile; fileRef = 032524DB2A660C0100B70F18 /* CircleViewCpu.swift */; };
		032524DE2A660C1F00B70F18 /* CircleViewMemory.swift in Sources */ = {isa = PBXBuildFile; fileRef = 032524DD2A660C1F00B70F18 /* CircleViewMemory.swift */; };
		032524E02A660C3700B70F18 /* CircleViewDisk.swift in Sources */ = {isa = PBXBuildFile; fileRef = 032524DF2A660C3700B70F18 /* CircleViewDisk.swift */; };
		032524E22A660C5500B70F18 /* CircleViewBatery.swift in Sources */ = {isa = PBXBuildFile; fileRef = 032524E12A660C5500B70F18 /* CircleViewBatery.swift */; };
/* End PBXBuildFile section */

/* Begin PBXFileReference section */
		032524B32A66085800B70F18 /* MenuMeter.app */ = {isa = PBXFileReference; explicitFileType = wrapper.application; includeInIndex = 0; path = MenuMeter.app; sourceTree = BUILT_PRODUCTS_DIR; };
		032524B62A66085800B70F18 /* MenuMeterApp.swift */ = {isa = PBXFileReference; lastKnownFileType = sourcecode.swift; path = MenuMeterApp.swift; sourceTree = "<group>"; };
		032524B82A66085800B70F18 /* ContentView.swift */ = {isa = PBXFileReference; lastKnownFileType = sourcecode.swift; path = ContentView.swift; sourceTree = "<group>"; };
		032524BA2A66085900B70F18 /* Assets.xcassets */ = {isa = PBXFileReference; lastKnownFileType = folder.assetcatalog; path = Assets.xcassets; sourceTree = "<group>"; };
		032524BD2A66085900B70F18 /* Preview Assets.xcassets */ = {isa = PBXFileReference; lastKnownFileType = folder.assetcatalog; path = "Preview Assets.xcassets"; sourceTree = "<group>"; };
		032524BF2A66085900B70F18 /* MenuMeter.entitlements */ = {isa = PBXFileReference; lastKnownFileType = text.plist.entitlements; path = MenuMeter.entitlements; sourceTree = "<group>"; };
		032524C92A660A7F00B70F18 /* SystemLoadMonitor.swift */ = {isa = PBXFileReference; lastKnownFileType = sourcecode.swift; path = SystemLoadMonitor.swift; sourceTree = "<group>"; };
		032524CB2A660AAF00B70F18 /* SystemLoadMemory.swift */ = {isa = PBXFileReference; lastKnownFileType = sourcecode.swift; path = SystemLoadMemory.swift; sourceTree = "<group>"; };
		032524CD2A660ACF00B70F18 /* SystemLoadDisk.swift */ = {isa = PBXFileReference; lastKnownFileType = sourcecode.swift; path = SystemLoadDisk.swift; sourceTree = "<group>"; };
		032524CF2A660AE900B70F18 /* SystemLoadBatery.swift */ = {isa = PBXFileReference; lastKnownFileType = sourcecode.swift; path = SystemLoadBatery.swift; sourceTree = "<group>"; };
		032524D12A660B1400B70F18 /* StatusBarController.swift */ = {isa = PBXFileReference; lastKnownFileType = sourcecode.swift; path = StatusBarController.swift; sourceTree = "<group>"; };
		032524D32A660B3F00B70F18 /* ViewModel.swift */ = {isa = PBXFileReference; lastKnownFileType = sourcecode.swift; path = ViewModel.swift; sourceTree = "<group>"; };
		032524D52A660BAA00B70F18 /* PreferencesView.swift */ = {isa = PBXFileReference; lastKnownFileType = sourcecode.swift; path = PreferencesView.swift; sourceTree = "<group>"; };
		032524D72A660BCB00B70F18 /* BateryView.swift */ = {isa = PBXFileReference; lastKnownFileType = sourcecode.swift; path = BateryView.swift; sourceTree = "<group>"; };
		032524D92A660BE700B70F18 /* CircleView.swift */ = {isa = PBXFileReference; lastKnownFileType = sourcecode.swift; path = CircleView.swift; sourceTree = "<group>"; };
		032524DB2A660C0100B70F18 /* CircleViewCpu.swift */ = {isa = PBXFileReference; lastKnownFileType = sourcecode.swift; path = CircleViewCpu.swift; sourceTree = "<group>"; };
		032524DD2A660C1F00B70F18 /* CircleViewMemory.swift */ = {isa = PBXFileReference; lastKnownFileType = sourcecode.swift; path = CircleViewMemory.swift; sourceTree = "<group>"; };
		032524DF2A660C3700B70F18 /* CircleViewDisk.swift */ = {isa = PBXFileReference; lastKnownFileType = sourcecode.swift; path = CircleViewDisk.swift; sourceTree = "<group>"; };
		032524E12A660C5500B70F18 /* CircleViewBatery.swift */ = {isa = PBXFileReference; lastKnownFileType = sourcecode.swift; path = CircleViewBatery.swift; sourceTree = "<group>"; };
/* End PBXFileReference section */

/* Begin PBXFrameworksBuildPhase section */
		032524B02A66085800B70F18 /* Frameworks */ = {
			isa = PBXFrameworksBuildPhase;
			buildActionMask = 2147483647;
			files = (
			);
			runOnlyForDeploymentPostprocessing = 0;
		};
/* End PBXFrameworksBuildPhase section */

/* Begin PBXGroup section */
		032524AA2A66085800B70F18 = {
			isa = PBXGroup;
			children = (
				032524B52A66085800B70F18 /* MenuMeter */,
				032524B42A66085800B70F18 /* Products */,
			);
			sourceTree = "<group>";
		};
		032524B42A66085800B70F18 /* Products */ = {
			isa = PBXGroup;
			children = (
				032524B32A66085800B70F18 /* MenuMeter.app */,
			);
			name = Products;
			sourceTree = "<group>";
		};
		032524B52A66085800B70F18 /* MenuMeter */ = {
			isa = PBXGroup;
			children = (
				032524B62A66085800B70F18 /* MenuMeterApp.swift */,
				032524C52A6609FD00B70F18 /* System */,
				032524C62A660A0C00B70F18 /* Model */,
				032524C82A660A1F00B70F18 /* View */,
				032524C72A660A1400B70F18 /* ViewModel */,
				032524BA2A66085900B70F18 /* Assets.xcassets */,
				032524BF2A66085900B70F18 /* MenuMeter.entitlements */,
				032524BC2A66085900B70F18 /* Preview Content */,
			);
			path = MenuMeter;
			sourceTree = "<group>";
		};
		032524BC2A66085900B70F18 /* Preview Content */ = {
			isa = PBXGroup;
			children = (
				032524BD2A66085900B70F18 /* Preview Assets.xcassets */,
			);
			path = "Preview Content";
			sourceTree = "<group>";
		};
		032524C52A6609FD00B70F18 /* System */ = {
			isa = PBXGroup;
			children = (
				032524C92A660A7F00B70F18 /* SystemLoadMonitor.swift */,
				032524CB2A660AAF00B70F18 /* SystemLoadMemory.swift */,
				032524CD2A660ACF00B70F18 /* SystemLoadDisk.swift */,
				032524CF2A660AE900B70F18 /* SystemLoadBatery.swift */,
			);
			path = System;
			sourceTree = "<group>";
		};
		032524C62A660A0C00B70F18 /* Model */ = {
			isa = PBXGroup;
			children = (
				032524D12A660B1400B70F18 /* StatusBarController.swift */,
			);
			path = Model;
			sourceTree = "<group>";
		};
		032524C72A660A1400B70F18 /* ViewModel */ = {
			isa = PBXGroup;
			children = (
				032524D32A660B3F00B70F18 /* ViewModel.swift */,
			);
			path = ViewModel;
			sourceTree = "<group>";
		};
		032524C82A660A1F00B70F18 /* View */ = {
			isa = PBXGroup;
			children = (
				032524B82A66085800B70F18 /* ContentView.swift */,
				032524D52A660BAA00B70F18 /* PreferencesView.swift */,
				032524D72A660BCB00B70F18 /* BateryView.swift */,
				032524D92A660BE700B70F18 /* CircleView.swift */,
				032524DB2A660C0100B70F18 /* CircleViewCpu.swift */,
				032524DD2A660C1F00B70F18 /* CircleViewMemory.swift */,
				032524DF2A660C3700B70F18 /* CircleViewDisk.swift */,
				032524E12A660C5500B70F18 /* CircleViewBatery.swift */,
			);
			path = View;
			sourceTree = "<group>";
		};
/* End PBXGroup section */

/* Begin PBXNativeTarget section */
		032524B22A66085800B70F18 /* MenuMeter */ = {
			isa = PBXNativeTarget;
			buildConfigurationList = 032524C22A66085900B70F18 /* Build configuration list for PBXNativeTarget "MenuMeter" */;
			buildPhases = (
				032524AF2A66085800B70F18 /* Sources */,
				032524B02A66085800B70F18 /* Frameworks */,
				032524B12A66085800B70F18 /* Resources */,
			);
			buildRules = (
			);
			dependencies = (
			);
			name = MenuMeter;
			productName = MenuMeter;
			productReference = 032524B32A66085800B70F18 /* MenuMeter.app */;
			productType = "com.apple.product-type.application";
		};
/* End PBXNativeTarget section */

/* Begin PBXProject section */
		032524AB2A66085800B70F18 /* Project object */ = {
			isa = PBXProject;
			attributes = {
				BuildIndependentTargetsInParallel = 1;
				LastSwiftUpdateCheck = 1430;
				LastUpgradeCheck = 1430;
				TargetAttributes = {
					032524B22A66085800B70F18 = {
						CreatedOnToolsVersion = 14.3;
					};
				};
			};
			buildConfigurationList = 032524AE2A66085800B70F18 /* Build configuration list for PBXProject "MenuMeter" */;
			compatibilityVersion = "Xcode 14.0";
			developmentRegion = en;
			hasScannedForEncodings = 0;
			knownRegions = (
				en,
				Base,
			);
			mainGroup = 032524AA2A66085800B70F18;
			productRefGroup = 032524B42A66085800B70F18 /* Products */;
			projectDirPath = "";
			projectRoot = "";
			targets = (
				032524B22A66085800B70F18 /* MenuMeter */,
			);
		};
/* End PBXProject section */

/* Begin PBXResourcesBuildPhase section */
		032524B12A66085800B70F18 /* Resources */ = {
			isa = PBXResourcesBuildPhase;
			buildActionMask = 2147483647;
			files = (
				032524BE2A66085900B70F18 /* Preview Assets.xcassets in Resources */,
				032524BB2A66085900B70F18 /* Assets.xcassets in Resources */,
			);
			runOnlyForDeploymentPostprocessing = 0;
		};
/* End PBXResourcesBuildPhase section */

/* Begin PBXSourcesBuildPhase section */
		032524AF2A66085800B70F18 /* Sources */ = {
			isa = PBXSourcesBuildPhase;
			buildActionMask = 2147483647;
			files = (
				032524CE2A660ACF00B70F18 /* SystemLoadDisk.swift in Sources */,
				032524D22A660B1400B70F18 /* StatusBarController.swift in Sources */,
				032524B92A66085800B70F18 /* ContentView.swift in Sources */,
				032524E22A660C5500B70F18 /* CircleViewBatery.swift in Sources */,
				032524D82A660BCB00B70F18 /* BateryView.swift in Sources */,
				032524CA2A660A7F00B70F18 /* SystemLoadMonitor.swift in Sources */,
				032524E02A660C3700B70F18 /* CircleViewDisk.swift in Sources */,
				032524D62A660BAA00B70F18 /* PreferencesView.swift in Sources */,
				032524DA2A660BE700B70F18 /* CircleView.swift in Sources */,
				032524DC2A660C0100B70F18 /* CircleViewCpu.swift in Sources */,
				032524B72A66085800B70F18 /* MenuMeterApp.swift in Sources */,
				032524DE2A660C1F00B70F18 /* CircleViewMemory.swift in Sources */,
				032524CC2A660AAF00B70F18 /* SystemLoadMemory.swift in Sources */,
				032524D42A660B3F00B70F18 /* ViewModel.swift in Sources */,
				032524D02A660AE900B70F18 /* SystemLoadBatery.swift in Sources */,
			);
			runOnlyForDeploymentPostprocessing = 0;
		};
/* End PBXSourcesBuildPhase section */

/* Begin XCBuildConfiguration section */
		032524C02A66085900B70F18 /* Debug */ = {
			isa = XCBuildConfiguration;
			buildSettings = {
				ALWAYS_SEARCH_USER_PATHS = NO;
				CLANG_ANALYZER_NONNULL = YES;
				CLANG_ANALYZER_NUMBER_OBJECT_CONVERSION = YES_AGGRESSIVE;
				CLANG_CXX_LANGUAGE_STANDARD = "gnu++20";
				CLANG_ENABLE_MODULES = YES;
				CLANG_ENABLE_OBJC_ARC = YES;
				CLANG_ENABLE_OBJC_WEAK = YES;
				CLANG_WARN_BLOCK_CAPTURE_AUTORELEASING = YES;
				CLANG_WARN_BOOL_CONVERSION = YES;
				CLANG_WARN_COMMA = YES;
				CLANG_WARN_CONSTANT_CONVERSION = YES;
				CLANG_WARN_DEPRECATED_OBJC_IMPLEMENTATIONS = YES;
				CLANG_WARN_DIRECT_OBJC_ISA_USAGE = YES_ERROR;
				CLANG_WARN_DOCUMENTATION_COMMENTS = YES;
				CLANG_WARN_EMPTY_BODY = YES;
				CLANG_WARN_ENUM_CONVERSION = YES;
				CLANG_WARN_INFINITE_RECURSION = YES;
				CLANG_WARN_INT_CONVERSION = YES;
				CLANG_WARN_NON_LITERAL_NULL_CONVERSION = YES;
				CLANG_WARN_OBJC_IMPLICIT_RETAIN_SELF = YES;
				CLANG_WARN_OBJC_LITERAL_CONVERSION = YES;
				CLANG_WARN_OBJC_ROOT_CLASS = YES_ERROR;
				CLANG_WARN_QUOTED_INCLUDE_IN_FRAMEWORK_HEADER = YES;
				CLANG_WARN_RANGE_LOOP_ANALYSIS = YES;
				CLANG_WARN_STRICT_PROTOTYPES = YES;
				CLANG_WARN_SUSPICIOUS_MOVE = YES;
				CLANG_WARN_UNGUARDED_AVAILABILITY = YES_AGGRESSIVE;
				CLANG_WARN_UNREACHABLE_CODE = YES;
				CLANG_WARN__DUPLICATE_METHOD_MATCH = YES;
				COPY_PHASE_STRIP = NO;
				DEBUG_INFORMATION_FORMAT = dwarf;
				ENABLE_STRICT_OBJC_MSGSEND = YES;
				ENABLE_TESTABILITY = YES;
				GCC_C_LANGUAGE_STANDARD = gnu11;
				GCC_DYNAMIC_NO_PIC = NO;
				GCC_NO_COMMON_BLOCKS = YES;
				GCC_OPTIMIZATION_LEVEL = 0;
				GCC_PREPROCESSOR_DEFINITIONS = (
					"DEBUG=1",
					"$(inherited)",
				);
				GCC_WARN_64_TO_32_BIT_CONVERSION = YES;
				GCC_WARN_ABOUT_RETURN_TYPE = YES_ERROR;
				GCC_WARN_UNDECLARED_SELECTOR = YES;
				GCC_WARN_UNINITIALIZED_AUTOS = YES_AGGRESSIVE;
				GCC_WARN_UNUSED_FUNCTION = YES;
				GCC_WARN_UNUSED_VARIABLE = YES;
				MACOSX_DEPLOYMENT_TARGET = 13.3;
				MTL_ENABLE_DEBUG_INFO = INCLUDE_SOURCE;
				MTL_FAST_MATH = YES;
				ONLY_ACTIVE_ARCH = YES;
				SDKROOT = macosx;
				SWIFT_ACTIVE_COMPILATION_CONDITIONS = DEBUG;
				SWIFT_OPTIMIZATION_LEVEL = "-Onone";
			};
			name = Debug;
		};
		032524C12A66085900B70F18 /* Release */ = {
			isa = XCBuildConfiguration;
			buildSettings = {
				ALWAYS_SEARCH_USER_PATHS = NO;
				CLANG_ANALYZER_NONNULL = YES;
				CLANG_ANALYZER_NUMBER_OBJECT_CONVERSION = YES_AGGRESSIVE;
				CLANG_CXX_LANGUAGE_STANDARD = "gnu++20";
				CLANG_ENABLE_MODULES = YES;
				CLANG_ENABLE_OBJC_ARC = YES;
				CLANG_ENABLE_OBJC_WEAK = YES;
				CLANG_WARN_BLOCK_CAPTURE_AUTORELEASING = YES;
				CLANG_WARN_BOOL_CONVERSION = YES;
				CLANG_WARN_COMMA = YES;
				CLANG_WARN_CONSTANT_CONVERSION = YES;
				CLANG_WARN_DEPRECATED_OBJC_IMPLEMENTATIONS = YES;
				CLANG_WARN_DIRECT_OBJC_ISA_USAGE = YES_ERROR;
				CLANG_WARN_DOCUMENTATION_COMMENTS = YES;
				CLANG_WARN_EMPTY_BODY = YES;
				CLANG_WARN_ENUM_CONVERSION = YES;
				CLANG_WARN_INFINITE_RECURSION = YES;
				CLANG_WARN_INT_CONVERSION = YES;
				CLANG_WARN_NON_LITERAL_NULL_CONVERSION = YES;
				CLANG_WARN_OBJC_IMPLICIT_RETAIN_SELF = YES;
				CLANG_WARN_OBJC_LITERAL_CONVERSION = YES;
				CLANG_WARN_OBJC_ROOT_CLASS = YES_ERROR;
				CLANG_WARN_QUOTED_INCLUDE_IN_FRAMEWORK_HEADER = YES;
				CLANG_WARN_RANGE_LOOP_ANALYSIS = YES;
				CLANG_WARN_STRICT_PROTOTYPES = YES;
				CLANG_WARN_SUSPICIOUS_MOVE = YES;
				CLANG_WARN_UNGUARDED_AVAILABILITY = YES_AGGRESSIVE;
				CLANG_WARN_UNREACHABLE_CODE = YES;
				CLANG_WARN__DUPLICATE_METHOD_MATCH = YES;
				COPY_PHASE_STRIP = NO;
				DEBUG_INFORMATION_FORMAT = "dwarf-with-dsym";
				ENABLE_NS_ASSERTIONS = NO;
				ENABLE_STRICT_OBJC_MSGSEND = YES;
				GCC_C_LANGUAGE_STANDARD = gnu11;
				GCC_NO_COMMON_BLOCKS = YES;
				GCC_WARN_64_TO_32_BIT_CONVERSION = YES;
				GCC_WARN_ABOUT_RETURN_TYPE = YES_ERROR;
				GCC_WARN_UNDECLARED_SELECTOR = YES;
				GCC_WARN_UNINITIALIZED_AUTOS = YES_AGGRESSIVE;
				GCC_WARN_UNUSED_FUNCTION = YES;
				GCC_WARN_UNUSED_VARIABLE = YES;
				MACOSX_DEPLOYMENT_TARGET = 13.3;
				MTL_ENABLE_DEBUG_INFO = NO;
				MTL_FAST_MATH = YES;
				SDKROOT = macosx;
				SWIFT_COMPILATION_MODE = wholemodule;
				SWIFT_OPTIMIZATION_LEVEL = "-O";
			};
			name = Release;
		};
		032524C32A66085900B70F18 /* Debug */ = {
			isa = XCBuildConfiguration;
			buildSettings = {
				ASSETCATALOG_COMPILER_APPICON_NAME = AppIcon;
				ASSETCATALOG_COMPILER_GLOBAL_ACCENT_COLOR_NAME = AccentColor;
				CODE_SIGN_ENTITLEMENTS = MenuMeter/MenuMeter.entitlements;
				CODE_SIGN_STYLE = Automatic;
				COMBINE_HIDPI_IMAGES = YES;
				CURRENT_PROJECT_VERSION = 1;
				DEVELOPMENT_ASSET_PATHS = "\"MenuMeter/Preview Content\"";
				DEVELOPMENT_TEAM = 82CYP6YDK3;
				ENABLE_HARDENED_RUNTIME = YES;
				ENABLE_PREVIEWS = YES;
				GENERATE_INFOPLIST_FILE = YES;
				INFOPLIST_KEY_NSHumanReadableCopyright = "";
				LD_RUNPATH_SEARCH_PATHS = (
					"$(inherited)",
					"@executable_path/../Frameworks",
				);
				MARKETING_VERSION = 1.0;
				PRODUCT_BUNDLE_IDENTIFIER = pires.rogerio.MenuMeter;
				PRODUCT_NAME = "$(TARGET_NAME)";
				SWIFT_EMIT_LOC_STRINGS = YES;
				SWIFT_VERSION = 5.0;
			};
			name = Debug;
		};
		032524C42A66085900B70F18 /* Release */ = {
			isa = XCBuildConfiguration;
			buildSettings = {
				ASSETCATALOG_COMPILER_APPICON_NAME = AppIcon;
				ASSETCATALOG_COMPILER_GLOBAL_ACCENT_COLOR_NAME = AccentColor;
				CODE_SIGN_ENTITLEMENTS = MenuMeter/MenuMeter.entitlements;
				CODE_SIGN_STYLE = Automatic;
				COMBINE_HIDPI_IMAGES = YES;
				CURRENT_PROJECT_VERSION = 1;
				DEVELOPMENT_ASSET_PATHS = "\"MenuMeter/Preview Content\"";
				DEVELOPMENT_TEAM = 82CYP6YDK3;
				ENABLE_HARDENED_RUNTIME = YES;
				ENABLE_PREVIEWS = YES;
				GENERATE_INFOPLIST_FILE = YES;
				INFOPLIST_KEY_NSHumanReadableCopyright = "";
				LD_RUNPATH_SEARCH_PATHS = (
					"$(inherited)",
					"@executable_path/../Frameworks",
				);
				MARKETING_VERSION = 1.0;
				PRODUCT_BUNDLE_IDENTIFIER = pires.rogerio.MenuMeter;
				PRODUCT_NAME = "$(TARGET_NAME)";
				SWIFT_EMIT_LOC_STRINGS = YES;
				SWIFT_VERSION = 5.0;
			};
			name = Release;
		};
/* End XCBuildConfiguration section */

/* Begin XCConfigurationList section */
		032524AE2A66085800B70F18 /* Build configuration list for PBXProject "MenuMeter" */ = {
			isa = XCConfigurationList;
			buildConfigurations = (
				032524C02A66085900B70F18 /* Debug */,
				032524C12A66085900B70F18 /* Release */,
			);
			defaultConfigurationIsVisible = 0;
			defaultConfigurationName = Release;
		};
		032524C22A66085900B70F18 /* Build configuration list for PBXNativeTarget "MenuMeter" */ = {
			isa = XCConfigurationList;
			buildConfigurations = (
				032524C32A66085900B70F18 /* Debug */,
				032524C42A66085900B70F18 /* Release */,
			);
			defaultConfigurationIsVisible = 0;
			defaultConfigurationName = Release;
		};
/* End XCConfigurationList section */
	};
	rootObject = 032524AB2A66085800B70F18 /* Project object */;
}
